// !$*UTF8*$!
{
	archiveVersion = 1;
	classes = {
	};
	objectVersion = 46;
	objects = {

/* Begin PBXBuildFile section */
		09168FD21E099D78005DD50F /* unity.build.cpp in Sources */ = {isa = PBXBuildFile; fileRef = 09168FD11E099D78005DD50F /* unity.build.cpp */; };
		091E3AF41DB59582007A4492 /* unity.build.cpp in Sources */ = {isa = PBXBuildFile; fileRef = 091E3AF31DB59582007A4492 /* unity.build.cpp */; };
		093239C31DB3F394003C168E /* TestBundle-Info.plist in Resources */ = {isa = PBXBuildFile; fileRef = 093239C21DB3F394003C168E /* TestBundle-Info.plist */; };
		093239C51DB3F3AD003C168E /* GoogleTests.mm in Sources */ = {isa = PBXBuildFile; fileRef = 093239C41DB3F3AD003C168E /* GoogleTests.mm */; };
		093239C81DB3F3CE003C168E /* gtest_main.cc in Sources */ = {isa = PBXBuildFile; fileRef = 093239C61DB3F3CE003C168E /* gtest_main.cc */; };
		093239C91DB3F3CE003C168E /* gtest-all.cc in Sources */ = {isa = PBXBuildFile; fileRef = 093239C71DB3F3CE003C168E /* gtest-all.cc */; };
		093239E61DB56557003C168E /* libalgorithms.a in Frameworks */ = {isa = PBXBuildFile; fileRef = 093239D81DB5651B003C168E /* libalgorithms.a */; };
		09367D6C1E2E29330095BF20 /* libalgorithms.ios.a in Frameworks */ = {isa = PBXBuildFile; fileRef = 09168FC61E099C42005DD50F /* libalgorithms.ios.a */; };
		09367D721E2E29ED0095BF20 /* unity.build.cpp in Sources */ = {isa = PBXBuildFile; fileRef = 09168FD11E099D78005DD50F /* unity.build.cpp */; };
		09367D731E2E2A240095BF20 /* gtest_main.cc in Sources */ = {isa = PBXBuildFile; fileRef = 093239C61DB3F3CE003C168E /* gtest_main.cc */; };
		09367D741E2E2A240095BF20 /* gtest-all.cc in Sources */ = {isa = PBXBuildFile; fileRef = 093239C71DB3F3CE003C168E /* gtest-all.cc */; };
		09367D751E2E2A290095BF20 /* GoogleTests.mm in Sources */ = {isa = PBXBuildFile; fileRef = 093239C41DB3F3AD003C168E /* GoogleTests.mm */; };
		09C645911E09F84700153C61 /* unity.build.cpp in Sources */ = {isa = PBXBuildFile; fileRef = 091E3AF31DB59582007A4492 /* unity.build.cpp */; };
/* End PBXBuildFile section */

/* Begin PBXContainerItemProxy section */
		093239E41DB56551003C168E /* PBXContainerItemProxy */ = {
			isa = PBXContainerItemProxy;
			containerPortal = 09EF8E9E1DB3E6A300DC7342 /* Project object */;
			proxyType = 1;
			remoteGlobalIDString = 093239D71DB5651B003C168E;
			remoteInfo = algorithms;
		};
		09367D6D1E2E29330095BF20 /* PBXContainerItemProxy */ = {
			isa = PBXContainerItemProxy;
			containerPortal = 09EF8E9E1DB3E6A300DC7342 /* Project object */;
			proxyType = 1;
			remoteGlobalIDString = 09168FC51E099C42005DD50F;
			remoteInfo = algorithms.ios;
		};
/* End PBXContainerItemProxy section */

/* Begin PBXCopyFilesBuildPhase section */
		09168FC41E099C42005DD50F /* CopyFiles */ = {
			isa = PBXCopyFilesBuildPhase;
			buildActionMask = 2147483647;
			dstPath = "include/$(PRODUCT_NAME)";
			dstSubfolderSpec = 16;
			files = (
			);
			runOnlyForDeploymentPostprocessing = 0;
		};
/* End PBXCopyFilesBuildPhase section */

/* Begin PBXFileReference section */
		0912152A1E0861CB00B860CB /* measure_containers.cpp */ = {isa = PBXFileReference; fileEncoding = 4; lastKnownFileType = sourcecode.cpp.cpp; name = measure_containers.cpp; path = test/measure_containers.cpp; sourceTree = "<group>"; };
		0912152C1E096DD900B860CB /* allocator.adaptive_stack.hpp */ = {isa = PBXFileReference; explicitFileType = sourcecode.cpp.h; name = allocator.adaptive_stack.hpp; path = include/allocator.adaptive_stack.hpp; sourceTree = "<group>"; };
		0912152D1E096DD900B860CB /* pool.adaptive_stack.h */ = {isa = PBXFileReference; explicitFileType = sourcecode.cpp.h; name = pool.adaptive_stack.h; path = include/pool.adaptive_stack.h; sourceTree = "<group>"; };
		0912152E1E096DD900B860CB /* public.h */ = {isa = PBXFileReference; explicitFileType = sourcecode.cpp.h; name = public.h; path = include/public.h; sourceTree = "<group>"; };
		0912152F1E09941800B860CB /* pool.adaptive_stack.cpp */ = {isa = PBXFileReference; fileEncoding = 4; lastKnownFileType = sourcecode.cpp.cpp; name = pool.adaptive_stack.cpp; path = source/pool.adaptive_stack.cpp; sourceTree = "<group>"; };
		091215301E09941800B860CB /* private.h */ = {isa = PBXFileReference; explicitFileType = sourcecode.cpp.h; fileEncoding = 4; name = private.h; path = source/private.h; sourceTree = "<group>"; };
		09168FC61E099C42005DD50F /* libalgorithms.ios.a */ = {isa = PBXFileReference; explicitFileType = archive.ar; includeInIndex = 0; path = libalgorithms.ios.a; sourceTree = BUILT_PRODUCTS_DIR; };
		09168FD11E099D78005DD50F /* unity.build.cpp */ = {isa = PBXFileReference; fileEncoding = 4; lastKnownFileType = sourcecode.cpp.cpp; name = unity.build.cpp; path = test/unity.build.cpp; sourceTree = "<group>"; };
		09168FD31E099DAF005DD50F /* test_allocators.cpp */ = {isa = PBXFileReference; lastKnownFileType = sourcecode.cpp.cpp; name = test_allocators.cpp; path = test/test_allocators.cpp; sourceTree = "<group>"; };
		091AF71A1E27A295004B554F /* static_vector.h */ = {isa = PBXFileReference; explicitFileType = sourcecode.cpp.h; name = static_vector.h; path = include/static_vector.h; sourceTree = "<group>"; };
		091AF71B1E27A295004B554F /* allocated_containers.h */ = {isa = PBXFileReference; explicitFileType = sourcecode.cpp.h; name = allocated_containers.h; path = include/allocated_containers.h; sourceTree = "<group>"; };
		091AF71C1E27DC24004B554F /* markov_chain.hpp */ = {isa = PBXFileReference; explicitFileType = sourcecode.cpp.h; name = markov_chain.hpp; path = include/markov_chain.hpp; sourceTree = "<group>"; };
		091AF71D1E27DC58004B554F /* test_markov_chain.cpp */ = {isa = PBXFileReference; lastKnownFileType = sourcecode.cpp.cpp; name = test_markov_chain.cpp; path = test/test_markov_chain.cpp; sourceTree = "<group>"; };
		091AF71E1E27F0E1004B554F /* hash.hpp */ = {isa = PBXFileReference; explicitFileType = sourcecode.cpp.h; fileEncoding = 4; name = hash.hpp; path = include/hash.hpp; sourceTree = "<group>"; };
		091E3AF31DB59582007A4492 /* unity.build.cpp */ = {isa = PBXFileReference; fileEncoding = 4; lastKnownFileType = sourcecode.cpp.cpp; name = unity.build.cpp; path = source/unity.build.cpp; sourceTree = "<group>"; };
		091F80911E2B72F800A0DD2D /* allocator.aligned.hpp */ = {isa = PBXFileReference; lastKnownFileType = sourcecode.cpp.h; name = allocator.aligned.hpp; path = include/allocator.aligned.hpp; sourceTree = "<group>"; };
		092EAA8F1E2A4733006C11E9 /* strplot.h */ = {isa = PBXFileReference; lastKnownFileType = sourcecode.c.h; name = strplot.h; path = include/strplot.h; sourceTree = "<group>"; };
		092EAAB81E2A4994006C11E9 /* range.h */ = {isa = PBXFileReference; lastKnownFileType = sourcecode.c.h; name = range.h; path = include/range.h; sourceTree = "<group>"; };
		092EAAB91E2A49F3006C11E9 /* numtraits.h */ = {isa = PBXFileReference; lastKnownFileType = sourcecode.c.h; name = numtraits.h; path = include/numtraits.h; sourceTree = "<group>"; };
		093239C21DB3F394003C168E /* TestBundle-Info.plist */ = {isa = PBXFileReference; lastKnownFileType = text.plist.xml; name = "TestBundle-Info.plist"; path = "../tp.qu.googletest.xc/Bundle/TestBundle-Info.plist"; sourceTree = "<group>"; };
		093239C41DB3F3AD003C168E /* GoogleTests.mm */ = {isa = PBXFileReference; lastKnownFileType = sourcecode.cpp.objcpp; lineEnding = 0; name = GoogleTests.mm; path = ../tp.qu.googletest.xc/Bundle/GoogleTests.mm; sourceTree = "<group>"; xcLanguageSpecificationIdentifier = xcode.lang.objcpp; };
		093239C61DB3F3CE003C168E /* gtest_main.cc */ = {isa = PBXFileReference; lastKnownFileType = sourcecode.cpp.cpp; name = gtest_main.cc; path = ../tp.qu.googletest/googletest/src/gtest_main.cc; sourceTree = "<group>"; };
		093239C71DB3F3CE003C168E /* gtest-all.cc */ = {isa = PBXFileReference; lastKnownFileType = sourcecode.cpp.cpp; name = "gtest-all.cc"; path = "../tp.qu.googletest/googletest/src/gtest-all.cc"; sourceTree = "<group>"; };
		093239CB1DB41B42003C168E /* insertion_sort.hpp */ = {isa = PBXFileReference; explicitFileType = sourcecode.cpp.h; name = insertion_sort.hpp; path = include/insertion_sort.hpp; sourceTree = "<group>"; };
		093239CC1DB438C7003C168E /* rng.hpp */ = {isa = PBXFileReference; explicitFileType = sourcecode.cpp.h; name = rng.hpp; path = include/rng.hpp; sourceTree = "<group>"; };
		093239CD1DB45790003C168E /* heap_sort.hpp */ = {isa = PBXFileReference; explicitFileType = sourcecode.cpp.h; name = heap_sort.hpp; path = include/heap_sort.hpp; sourceTree = "<group>"; };
		093239CE1DB5327E003C168E /* hash_table.hpp */ = {isa = PBXFileReference; explicitFileType = sourcecode.cpp.h; lineEnding = 0; name = hash_table.hpp; path = include/hash_table.hpp; sourceTree = "<group>"; xcLanguageSpecificationIdentifier = xcode.lang.cpp; };
		093239CF1DB5341F003C168E /* test_hash_table.cpp */ = {isa = PBXFileReference; fileEncoding = 4; lastKnownFileType = sourcecode.cpp.cpp; name = test_hash_table.cpp; path = test/test_hash_table.cpp; sourceTree = "<group>"; };
		093239D11DB54D18003C168E /* hash_table.cpp */ = {isa = PBXFileReference; lastKnownFileType = sourcecode.cpp.cpp; name = hash_table.cpp; path = source/hash_table.cpp; sourceTree = "<group>"; };
		093239D31DB55C1D003C168E /* math.hpp */ = {isa = PBXFileReference; explicitFileType = sourcecode.cpp.h; name = math.hpp; path = include/math.hpp; sourceTree = "<group>"; };
		093239D81DB5651B003C168E /* libalgorithms.a */ = {isa = PBXFileReference; explicitFileType = archive.ar; includeInIndex = 0; path = libalgorithms.a; sourceTree = BUILT_PRODUCTS_DIR; };
		09367D671E2E29320095BF20 /* algorithms.test.ios.xctest */ = {isa = PBXFileReference; explicitFileType = wrapper.cfbundle; includeInIndex = 0; path = algorithms.test.ios.xctest; sourceTree = BUILT_PRODUCTS_DIR; };
		093E6E711E20B0D9004DFED2 /* test_types.cpp */ = {isa = PBXFileReference; lastKnownFileType = sourcecode.cpp.cpp; name = test_types.cpp; path = test/test_types.cpp; sourceTree = "<group>"; };
		095EF58E1E19C7570073F5CE /* print_type.cpp */ = {isa = PBXFileReference; lastKnownFileType = sourcecode.cpp.cpp; name = print_type.cpp; path = source/print_type.cpp; sourceTree = "<group>"; };
		0960BAEF1DB3F0F80075CB05 /* test.xcconfig */ = {isa = PBXFileReference; fileEncoding = 4; lastKnownFileType = text.xcconfig; name = test.xcconfig; path = xcode.config/test.xcconfig; sourceTree = "<group>"; };
		0960BAF01DB3F0F80075CB05 /* Project.Debug.xcconfig */ = {isa = PBXFileReference; fileEncoding = 4; lastKnownFileType = text.xcconfig; name = Project.Debug.xcconfig; path = xcode.config/Project.Debug.xcconfig; sourceTree = "<group>"; };
		0960BAF11DB3F0F80075CB05 /* Project.Release.xcconfig */ = {isa = PBXFileReference; fileEncoding = 4; lastKnownFileType = text.xcconfig; name = Project.Release.xcconfig; path = xcode.config/Project.Release.xcconfig; sourceTree = "<group>"; };
		0960BAF21DB3F0F80075CB05 /* Project.Shared.xcconfig */ = {isa = PBXFileReference; fileEncoding = 4; lastKnownFileType = text.xcconfig; name = Project.Shared.xcconfig; path = xcode.config/Project.Shared.xcconfig; sourceTree = "<group>"; };
		0960BAF31DB3F0F80075CB05 /* test.ios.xcconfig */ = {isa = PBXFileReference; fileEncoding = 4; lastKnownFileType = text.xcconfig; name = test.ios.xcconfig; path = xcode.config/test.ios.xcconfig; sourceTree = "<group>"; };
		0960BAF41DB3F0F80075CB05 /* test.osx.xcconfig */ = {isa = PBXFileReference; fileEncoding = 4; lastKnownFileType = text.xcconfig; name = test.osx.xcconfig; path = xcode.config/test.osx.xcconfig; sourceTree = "<group>"; };
		0960BAF51DB3F0F80075CB05 /* test.ios.debug.xcconfig */ = {isa = PBXFileReference; fileEncoding = 4; lastKnownFileType = text.xcconfig; name = test.ios.debug.xcconfig; path = xcode.config/test.ios.debug.xcconfig; sourceTree = "<group>"; };
		0960BAF61DB3F0F80075CB05 /* test.ios.release.xcconfig */ = {isa = PBXFileReference; fileEncoding = 4; lastKnownFileType = text.xcconfig; name = test.ios.release.xcconfig; path = xcode.config/test.ios.release.xcconfig; sourceTree = "<group>"; };
		0960BAF71DB3F0F80075CB05 /* test.osx.debug.xcconfig */ = {isa = PBXFileReference; fileEncoding = 4; lastKnownFileType = text.xcconfig; name = test.osx.debug.xcconfig; path = xcode.config/test.osx.debug.xcconfig; sourceTree = "<group>"; };
		0960BAF81DB3F0F80075CB05 /* test.osx.release.xcconfig */ = {isa = PBXFileReference; fileEncoding = 4; lastKnownFileType = text.xcconfig; name = test.osx.release.xcconfig; path = xcode.config/test.osx.release.xcconfig; sourceTree = "<group>"; };
		0960BAF91DB3F0F80075CB05 /* ios.debug.xcconfig */ = {isa = PBXFileReference; fileEncoding = 4; lastKnownFileType = text.xcconfig; name = ios.debug.xcconfig; path = xcode.config/ios.debug.xcconfig; sourceTree = "<group>"; };
		0960BAFA1DB3F0F80075CB05 /* ios.release.xcconfig */ = {isa = PBXFileReference; fileEncoding = 4; lastKnownFileType = text.xcconfig; name = ios.release.xcconfig; path = xcode.config/ios.release.xcconfig; sourceTree = "<group>"; };
		0960BAFB1DB3F0F80075CB05 /* osx.debug.xcconfig */ = {isa = PBXFileReference; fileEncoding = 4; lastKnownFileType = text.xcconfig; name = osx.debug.xcconfig; path = xcode.config/osx.debug.xcconfig; sourceTree = "<group>"; };
		0960BAFC1DB3F0F80075CB05 /* osx.release.xcconfig */ = {isa = PBXFileReference; fileEncoding = 4; lastKnownFileType = text.xcconfig; name = osx.release.xcconfig; path = xcode.config/osx.release.xcconfig; sourceTree = "<group>"; };
		0960BAFD1DB3F0F80075CB05 /* ios.xcconfig */ = {isa = PBXFileReference; fileEncoding = 4; lastKnownFileType = text.xcconfig; name = ios.xcconfig; path = xcode.config/ios.xcconfig; sourceTree = "<group>"; };
		0960BAFE1DB3F0F80075CB05 /* osx.xcconfig */ = {isa = PBXFileReference; fileEncoding = 4; lastKnownFileType = text.xcconfig; name = osx.xcconfig; path = xcode.config/osx.xcconfig; sourceTree = "<group>"; };
		0972718C1E1B325200532772 /* safe_cast.hpp */ = {isa = PBXFileReference; explicitFileType = sourcecode.cpp.h; name = safe_cast.hpp; path = include/safe_cast.hpp; sourceTree = "<group>"; };
		0972718D1E1B4AFD00532772 /* test_cast.cpp */ = {isa = PBXFileReference; lastKnownFileType = sourcecode.cpp.cpp; name = test_cast.cpp; path = test/test_cast.cpp; sourceTree = "<group>"; };
		0972720A1E1B678B00532772 /* test_cpp.cpp */ = {isa = PBXFileReference; lastKnownFileType = sourcecode.cpp.cpp; name = test_cpp.cpp; path = test/test_cpp.cpp; sourceTree = "<group>"; };
		0996F3E81E2EF3030053B30B /* meta.hpp */ = {isa = PBXFileReference; lastKnownFileType = sourcecode.cpp.h; name = meta.hpp; path = include/meta.hpp; sourceTree = "<group>"; };
		0996F3EB1E2F7FFB0053B30B /* freelist.hpp */ = {isa = PBXFileReference; lastKnownFileType = sourcecode.cpp.h; name = freelist.hpp; path = include/freelist.hpp; sourceTree = "<group>"; };
		0996F3EC1E2F821A0053B30B /* test_freelist.cpp */ = {isa = PBXFileReference; lastKnownFileType = sourcecode.cpp.cpp; name = test_freelist.cpp; path = test/test_freelist.cpp; sourceTree = "<group>"; };
		09B057241E47C8B9006986F0 /* markov_chain.cpp */ = {isa = PBXFileReference; lastKnownFileType = sourcecode.cpp.cpp; name = markov_chain.cpp; path = source/markov_chain.cpp; sourceTree = "<group>"; };
		09BA149A1E387D1B00A05F83 /* complex.hpp */ = {isa = PBXFileReference; lastKnownFileType = sourcecode.cpp.h; name = complex.hpp; path = include/complex.hpp; sourceTree = "<group>"; };
		09BA149B1E387D1B00A05F83 /* dsp.filter.hpp */ = {isa = PBXFileReference; lastKnownFileType = sourcecode.cpp.h; name = dsp.filter.hpp; path = include/dsp.filter.hpp; sourceTree = "<group>"; };
		09BA14C41E387E4200A05F83 /* enum.h */ = {isa = PBXFileReference; lastKnownFileType = sourcecode.c.h; name = enum.h; path = include/enum.h; sourceTree = "<group>"; };
		09BA14C51E387E4200A05F83 /* interpolation.h */ = {isa = PBXFileReference; lastKnownFileType = sourcecode.c.h; name = interpolation.h; path = include/interpolation.h; sourceTree = "<group>"; };
		09BA14C61E387E8800A05F83 /* enum.cpp */ = {isa = PBXFileReference; lastKnownFileType = sourcecode.cpp.cpp; name = enum.cpp; path = source/enum.cpp; sourceTree = "<group>"; };
		09BA14C71E387E8800A05F83 /* interpolation.cpp */ = {isa = PBXFileReference; lastKnownFileType = sourcecode.cpp.cpp; name = interpolation.cpp; path = source/interpolation.cpp; sourceTree = "<group>"; };
		09BA14C81E38840800A05F83 /* cyclic.h */ = {isa = PBXFileReference; lastKnownFileType = sourcecode.c.h; name = cyclic.h; path = include/cyclic.h; sourceTree = "<group>"; };
		09BA14C91E38840800A05F83 /* slidingaverage.h */ = {isa = PBXFileReference; lastKnownFileType = sourcecode.c.h; name = slidingaverage.h; path = include/slidingaverage.h; sourceTree = "<group>"; };
		09BA14CA1E3888C300A05F83 /* object.h */ = {isa = PBXFileReference; lastKnownFileType = sourcecode.c.h; name = object.h; path = include/object.h; sourceTree = "<group>"; };
		09BA14CB1E38898B00A05F83 /* available_indexes.hpp */ = {isa = PBXFileReference; lastKnownFileType = sourcecode.cpp.h; name = available_indexes.hpp; path = include/available_indexes.hpp; sourceTree = "<group>"; };
		09BA14CC1E388C4400A05F83 /* string.manip.h */ = {isa = PBXFileReference; lastKnownFileType = sourcecode.c.h; name = string.manip.h; path = include/string.manip.h; sourceTree = "<group>"; };
		09BA14CD1E388C6600A05F83 /* string.cpp */ = {isa = PBXFileReference; lastKnownFileType = sourcecode.cpp.cpp; name = string.cpp; path = source/string.cpp; sourceTree = "<group>"; };
		09EF8EE41DB3E7C400DC7342 /* algorithms.test.xctest */ = {isa = PBXFileReference; explicitFileType = wrapper.cfbundle; includeInIndex = 0; path = algorithms.test.xctest; sourceTree = BUILT_PRODUCTS_DIR; };
		09EF8EED1DB3E7D200DC7342 /* test_sort.cpp */ = {isa = PBXFileReference; fileEncoding = 4; lastKnownFileType = sourcecode.cpp.cpp; lineEnding = 0; name = test_sort.cpp; path = test/test_sort.cpp; sourceTree = "<group>"; xcLanguageSpecificationIdentifier = xcode.lang.cpp; };
		09EF8F2C1DB3E89B00DC7342 /* merge_sort.hpp */ = {isa = PBXFileReference; explicitFileType = sourcecode.cpp.h; fileEncoding = 4; lineEnding = 0; name = merge_sort.hpp; path = include/merge_sort.hpp; sourceTree = "<group>"; xcLanguageSpecificationIdentifier = xcode.lang.cpp; };
		09EF8F2D1DB3E89B00DC7342 /* sort_utils.hpp */ = {isa = PBXFileReference; explicitFileType = sourcecode.cpp.h; fileEncoding = 4; name = sort_utils.hpp; path = include/sort_utils.hpp; sourceTree = "<group>"; };
		09EF8F2E1DB3E89B00DC7342 /* bounded_lifo.hpp */ = {isa = PBXFileReference; explicitFileType = sourcecode.cpp.h; fileEncoding = 4; name = bounded_lifo.hpp; path = include/bounded_lifo.hpp; sourceTree = "<group>"; };
		09EF8F2F1DB3E89B00DC7342 /* print_type.hpp */ = {isa = PBXFileReference; explicitFileType = sourcecode.cpp.h; fileEncoding = 4; name = print_type.hpp; path = include/print_type.hpp; sourceTree = "<group>"; };
		09EF8F301DB3E89B00DC7342 /* iter_range.hpp */ = {isa = PBXFileReference; explicitFileType = sourcecode.cpp.h; fileEncoding = 4; name = iter_range.hpp; path = include/iter_range.hpp; sourceTree = "<group>"; };
/* End PBXFileReference section */

/* Begin PBXFrameworksBuildPhase section */
		09168FC31E099C42005DD50F /* Frameworks */ = {
			isa = PBXFrameworksBuildPhase;
			buildActionMask = 2147483647;
			files = (
			);
			runOnlyForDeploymentPostprocessing = 0;
		};
		093239D51DB5651B003C168E /* Frameworks */ = {
			isa = PBXFrameworksBuildPhase;
			buildActionMask = 2147483647;
			files = (
			);
			runOnlyForDeploymentPostprocessing = 0;
		};
		09367D641E2E29320095BF20 /* Frameworks */ = {
			isa = PBXFrameworksBuildPhase;
			buildActionMask = 2147483647;
			files = (
				09367D6C1E2E29330095BF20 /* libalgorithms.ios.a in Frameworks */,
			);
			runOnlyForDeploymentPostprocessing = 0;
		};
		09EF8EE11DB3E7C400DC7342 /* Frameworks */ = {
			isa = PBXFrameworksBuildPhase;
			buildActionMask = 2147483647;
			files = (
				093239E61DB56557003C168E /* libalgorithms.a in Frameworks */,
			);
			runOnlyForDeploymentPostprocessing = 0;
		};
/* End PBXFrameworksBuildPhase section */

/* Begin PBXGroup section */
		093239CA1DB3F3E7003C168E /* extern */ = {
			isa = PBXGroup;
			children = (
				093239C61DB3F3CE003C168E /* gtest_main.cc */,
				093239C71DB3F3CE003C168E /* gtest-all.cc */,
				093239C41DB3F3AD003C168E /* GoogleTests.mm */,
				093239C21DB3F394003C168E /* TestBundle-Info.plist */,
			);
			name = extern;
			sourceTree = "<group>";
		};
		093239D21DB54D1B003C168E /* source */ = {
			isa = PBXGroup;
			children = (
				09BA14C61E387E8800A05F83 /* enum.cpp */,
				093239D11DB54D18003C168E /* hash_table.cpp */,
				09BA14C71E387E8800A05F83 /* interpolation.cpp */,
				09B057241E47C8B9006986F0 /* markov_chain.cpp */,
				0912152F1E09941800B860CB /* pool.adaptive_stack.cpp */,
				095EF58E1E19C7570073F5CE /* print_type.cpp */,
				091215301E09941800B860CB /* private.h */,
				09BA14CD1E388C6600A05F83 /* string.cpp */,
				091E3AF31DB59582007A4492 /* unity.build.cpp */,
			);
			name = source;
			sourceTree = "<group>";
		};
		0960BB0F1DB3F1060075CB05 /* xcode.config */ = {
			isa = PBXGroup;
			children = (
				0960BAF91DB3F0F80075CB05 /* ios.debug.xcconfig */,
				0960BAFA1DB3F0F80075CB05 /* ios.release.xcconfig */,
				0960BAFD1DB3F0F80075CB05 /* ios.xcconfig */,
				0960BAFB1DB3F0F80075CB05 /* osx.debug.xcconfig */,
				0960BAFC1DB3F0F80075CB05 /* osx.release.xcconfig */,
				0960BAFE1DB3F0F80075CB05 /* osx.xcconfig */,
				0960BAF01DB3F0F80075CB05 /* Project.Debug.xcconfig */,
				0960BAF11DB3F0F80075CB05 /* Project.Release.xcconfig */,
				0960BAF21DB3F0F80075CB05 /* Project.Shared.xcconfig */,
				0960BAF51DB3F0F80075CB05 /* test.ios.debug.xcconfig */,
				0960BAF61DB3F0F80075CB05 /* test.ios.release.xcconfig */,
				0960BAF31DB3F0F80075CB05 /* test.ios.xcconfig */,
				0960BAF71DB3F0F80075CB05 /* test.osx.debug.xcconfig */,
				0960BAF81DB3F0F80075CB05 /* test.osx.release.xcconfig */,
				0960BAF41DB3F0F80075CB05 /* test.osx.xcconfig */,
				0960BAEF1DB3F0F80075CB05 /* test.xcconfig */,
			);
			name = xcode.config;
			sourceTree = "<group>";
		};
		09EF8E9D1DB3E6A300DC7342 = {
			isa = PBXGroup;
			children = (
				093239D21DB54D1B003C168E /* source */,
				0960BB0F1DB3F1060075CB05 /* xcode.config */,
				09EF8F311DB3E8AD00DC7342 /* include */,
				09EF8EE51DB3E7C400DC7342 /* Products */,
				09EF8F2B1DB3E87E00DC7342 /* test */,
			);
			sourceTree = "<group>";
		};
		09EF8EE51DB3E7C400DC7342 /* Products */ = {
			isa = PBXGroup;
			children = (
				09EF8EE41DB3E7C400DC7342 /* algorithms.test.xctest */,
				093239D81DB5651B003C168E /* libalgorithms.a */,
				09168FC61E099C42005DD50F /* libalgorithms.ios.a */,
				09367D671E2E29320095BF20 /* algorithms.test.ios.xctest */,
			);
			name = Products;
			sourceTree = "<group>";
		};
		09EF8F2B1DB3E87E00DC7342 /* test */ = {
			isa = PBXGroup;
			children = (
				093239CA1DB3F3E7003C168E /* extern */,
				0912152A1E0861CB00B860CB /* measure_containers.cpp */,
				09168FD31E099DAF005DD50F /* test_allocators.cpp */,
				0972718D1E1B4AFD00532772 /* test_cast.cpp */,
				0972720A1E1B678B00532772 /* test_cpp.cpp */,
				0996F3EC1E2F821A0053B30B /* test_freelist.cpp */,
				093239CF1DB5341F003C168E /* test_hash_table.cpp */,
				091AF71D1E27DC58004B554F /* test_markov_chain.cpp */,
				09EF8EED1DB3E7D200DC7342 /* test_sort.cpp */,
				093E6E711E20B0D9004DFED2 /* test_types.cpp */,
				09168FD11E099D78005DD50F /* unity.build.cpp */,
			);
			name = test;
			sourceTree = "<group>";
		};
		09EF8F311DB3E8AD00DC7342 /* include */ = {
			isa = PBXGroup;
			children = (
				091AF71B1E27A295004B554F /* allocated_containers.h */,
				0912152C1E096DD900B860CB /* allocator.adaptive_stack.hpp */,
				091F80911E2B72F800A0DD2D /* allocator.aligned.hpp */,
				09BA14CB1E38898B00A05F83 /* available_indexes.hpp */,
				09EF8F2E1DB3E89B00DC7342 /* bounded_lifo.hpp */,
				09BA149A1E387D1B00A05F83 /* complex.hpp */,
				09BA14C81E38840800A05F83 /* cyclic.h */,
				09BA149B1E387D1B00A05F83 /* dsp.filter.hpp */,
				09BA14C41E387E4200A05F83 /* enum.h */,
				0996F3EB1E2F7FFB0053B30B /* freelist.hpp */,
				093239CE1DB5327E003C168E /* hash_table.hpp */,
				091AF71E1E27F0E1004B554F /* hash.hpp */,
				093239CD1DB45790003C168E /* heap_sort.hpp */,
				093239CB1DB41B42003C168E /* insertion_sort.hpp */,
				09BA14C51E387E4200A05F83 /* interpolation.h */,
				09EF8F301DB3E89B00DC7342 /* iter_range.hpp */,
				091AF71C1E27DC24004B554F /* markov_chain.hpp */,
				093239D31DB55C1D003C168E /* math.hpp */,
				09EF8F2C1DB3E89B00DC7342 /* merge_sort.hpp */,
				0996F3E81E2EF3030053B30B /* meta.hpp */,
				092EAAB91E2A49F3006C11E9 /* numtraits.h */,
				09BA14CA1E3888C300A05F83 /* object.h */,
				0912152D1E096DD900B860CB /* pool.adaptive_stack.h */,
				09EF8F2F1DB3E89B00DC7342 /* print_type.hpp */,
				0912152E1E096DD900B860CB /* public.h */,
				092EAAB81E2A4994006C11E9 /* range.h */,
				093239CC1DB438C7003C168E /* rng.hpp */,
				0972718C1E1B325200532772 /* safe_cast.hpp */,
				09BA14C91E38840800A05F83 /* slidingaverage.h */,
				09EF8F2D1DB3E89B00DC7342 /* sort_utils.hpp */,
				091AF71A1E27A295004B554F /* static_vector.h */,
				09BA14CC1E388C4400A05F83 /* string.manip.h */,
				092EAA8F1E2A4733006C11E9 /* strplot.h */,
			);
			name = include;
			sourceTree = "<group>";
		};
/* End PBXGroup section */

/* Begin PBXHeadersBuildPhase section */
		093239D61DB5651B003C168E /* Headers */ = {
			isa = PBXHeadersBuildPhase;
			buildActionMask = 2147483647;
			files = (
			);
			runOnlyForDeploymentPostprocessing = 0;
		};
/* End PBXHeadersBuildPhase section */

/* Begin PBXNativeTarget section */
		09168FC51E099C42005DD50F /* algorithms.ios */ = {
			isa = PBXNativeTarget;
			buildConfigurationList = 09168FCE1E099C43005DD50F /* Build configuration list for PBXNativeTarget "algorithms.ios" */;
			buildPhases = (
				09168FC21E099C42005DD50F /* Sources */,
				09168FC31E099C42005DD50F /* Frameworks */,
				09168FC41E099C42005DD50F /* CopyFiles */,
			);
			buildRules = (
			);
			dependencies = (
			);
			name = algorithms.ios;
			productName = algorithms.ios;
			productReference = 09168FC61E099C42005DD50F /* libalgorithms.ios.a */;
			productType = "com.apple.product-type.library.static";
		};
		093239D71DB5651B003C168E /* algorithms */ = {
			isa = PBXNativeTarget;
			buildConfigurationList = 093239E01DB5651B003C168E /* Build configuration list for PBXNativeTarget "algorithms" */;
			buildPhases = (
				093239D41DB5651B003C168E /* Sources */,
				093239D51DB5651B003C168E /* Frameworks */,
				093239D61DB5651B003C168E /* Headers */,
			);
			buildRules = (
			);
			dependencies = (
			);
			name = algorithms;
			productName = algorithms;
			productReference = 093239D81DB5651B003C168E /* libalgorithms.a */;
			productType = "com.apple.product-type.library.static";
		};
		09367D661E2E29320095BF20 /* algorithms.test.ios */ = {
			isa = PBXNativeTarget;
			buildConfigurationList = 09367D711E2E29330095BF20 /* Build configuration list for PBXNativeTarget "algorithms.test.ios" */;
			buildPhases = (
				09367D631E2E29320095BF20 /* Sources */,
				09367D641E2E29320095BF20 /* Frameworks */,
				09367D651E2E29320095BF20 /* Resources */,
			);
			buildRules = (
			);
			dependencies = (
				09367D6E1E2E29330095BF20 /* PBXTargetDependency */,
			);
			name = algorithms.test.ios;
			productName = algorithms.tes.ios;
			productReference = 09367D671E2E29320095BF20 /* algorithms.test.ios.xctest */;
			productType = "com.apple.product-type.bundle.unit-test";
		};
		09EF8EE31DB3E7C400DC7342 /* algorithms.test */ = {
			isa = PBXNativeTarget;
			buildConfigurationList = 09EF8EEC1DB3E7C400DC7342 /* Build configuration list for PBXNativeTarget "algorithms.test" */;
			buildPhases = (
				09EF8EE01DB3E7C400DC7342 /* Sources */,
				09EF8EE11DB3E7C400DC7342 /* Frameworks */,
				09EF8EE21DB3E7C400DC7342 /* Resources */,
			);
			buildRules = (
			);
			dependencies = (
				093239E51DB56551003C168E /* PBXTargetDependency */,
			);
			name = algorithms.test;
			productName = algorithms.test;
			productReference = 09EF8EE41DB3E7C400DC7342 /* algorithms.test.xctest */;
			productType = "com.apple.product-type.bundle.unit-test";
		};
/* End PBXNativeTarget section */

/* Begin PBXProject section */
		09EF8E9E1DB3E6A300DC7342 /* Project object */ = {
			isa = PBXProject;
			attributes = {
				LastUpgradeCheck = 0800;
				TargetAttributes = {
					09168FC51E099C42005DD50F = {
						CreatedOnToolsVersion = 8.2;
						ProvisioningStyle = Automatic;
					};
					093239D71DB5651B003C168E = {
						CreatedOnToolsVersion = 8.0;
						ProvisioningStyle = Automatic;
					};
					09367D661E2E29320095BF20 = {
						CreatedOnToolsVersion = 8.2.1;
						ProvisioningStyle = Automatic;
					};
					09EF8EE31DB3E7C400DC7342 = {
						CreatedOnToolsVersion = 8.0;
						ProvisioningStyle = Automatic;
					};
				};
			};
			buildConfigurationList = 09EF8EA11DB3E6A300DC7342 /* Build configuration list for PBXProject "algorithms" */;
			compatibilityVersion = "Xcode 3.2";
			developmentRegion = English;
			hasScannedForEncodings = 0;
			knownRegions = (
				en,
			);
			mainGroup = 09EF8E9D1DB3E6A300DC7342;
			productRefGroup = 09EF8EE51DB3E7C400DC7342 /* Products */;
			projectDirPath = "";
			projectRoot = "";
			targets = (
				09EF8EE31DB3E7C400DC7342 /* algorithms.test */,
				09367D661E2E29320095BF20 /* algorithms.test.ios */,
				093239D71DB5651B003C168E /* algorithms */,
				09168FC51E099C42005DD50F /* algorithms.ios */,
			);
		};
/* End PBXProject section */

/* Begin PBXResourcesBuildPhase section */
		09367D651E2E29320095BF20 /* Resources */ = {
			isa = PBXResourcesBuildPhase;
			buildActionMask = 2147483647;
			files = (
			);
			runOnlyForDeploymentPostprocessing = 0;
		};
		09EF8EE21DB3E7C400DC7342 /* Resources */ = {
			isa = PBXResourcesBuildPhase;
			buildActionMask = 2147483647;
			files = (
				093239C31DB3F394003C168E /* TestBundle-Info.plist in Resources */,
			);
			runOnlyForDeploymentPostprocessing = 0;
		};
/* End PBXResourcesBuildPhase section */

/* Begin PBXSourcesBuildPhase section */
		09168FC21E099C42005DD50F /* Sources */ = {
			isa = PBXSourcesBuildPhase;
			buildActionMask = 2147483647;
			files = (
				09C645911E09F84700153C61 /* unity.build.cpp in Sources */,
			);
			runOnlyForDeploymentPostprocessing = 0;
		};
		093239D41DB5651B003C168E /* Sources */ = {
			isa = PBXSourcesBuildPhase;
			buildActionMask = 2147483647;
			files = (
				091E3AF41DB59582007A4492 /* unity.build.cpp in Sources */,
			);
			runOnlyForDeploymentPostprocessing = 0;
		};
		09367D631E2E29320095BF20 /* Sources */ = {
			isa = PBXSourcesBuildPhase;
			buildActionMask = 2147483647;
			files = (
				09367D751E2E2A290095BF20 /* GoogleTests.mm in Sources */,
				09367D731E2E2A240095BF20 /* gtest_main.cc in Sources */,
				09367D741E2E2A240095BF20 /* gtest-all.cc in Sources */,
				09367D721E2E29ED0095BF20 /* unity.build.cpp in Sources */,
			);
			runOnlyForDeploymentPostprocessing = 0;
		};
		09EF8EE01DB3E7C400DC7342 /* Sources */ = {
			isa = PBXSourcesBuildPhase;
			buildActionMask = 2147483647;
			files = (
				093239C81DB3F3CE003C168E /* gtest_main.cc in Sources */,
				093239C91DB3F3CE003C168E /* gtest-all.cc in Sources */,
				093239C51DB3F3AD003C168E /* GoogleTests.mm in Sources */,
				09168FD21E099D78005DD50F /* unity.build.cpp in Sources */,
			);
			runOnlyForDeploymentPostprocessing = 0;
		};
/* End PBXSourcesBuildPhase section */

/* Begin PBXTargetDependency section */
		093239E51DB56551003C168E /* PBXTargetDependency */ = {
			isa = PBXTargetDependency;
			target = 093239D71DB5651B003C168E /* algorithms */;
			targetProxy = 093239E41DB56551003C168E /* PBXContainerItemProxy */;
		};
		09367D6E1E2E29330095BF20 /* PBXTargetDependency */ = {
			isa = PBXTargetDependency;
			target = 09168FC51E099C42005DD50F /* algorithms.ios */;
			targetProxy = 09367D6D1E2E29330095BF20 /* PBXContainerItemProxy */;
		};
/* End PBXTargetDependency section */

/* Begin XCBuildConfiguration section */
		09168FCC1E099C43005DD50F /* Debug */ = {
			isa = XCBuildConfiguration;
			baseConfigurationReference = 0960BAF91DB3F0F80075CB05 /* ios.debug.xcconfig */;
			buildSettings = {
			};
			name = Debug;
		};
		09168FCD1E099C43005DD50F /* Release */ = {
			isa = XCBuildConfiguration;
			baseConfigurationReference = 0960BAFA1DB3F0F80075CB05 /* ios.release.xcconfig */;
			buildSettings = {
			};
			name = Release;
		};
		093239E11DB5651B003C168E /* Debug */ = {
			isa = XCBuildConfiguration;
			baseConfigurationReference = 0960BAFB1DB3F0F80075CB05 /* osx.debug.xcconfig */;
			buildSettings = {
				ARCHS = "$(ARCHS_STANDARD_32_64_BIT)";
			};
			name = Debug;
		};
		093239E21DB5651B003C168E /* Release */ = {
			isa = XCBuildConfiguration;
			baseConfigurationReference = 0960BAFC1DB3F0F80075CB05 /* osx.release.xcconfig */;
			buildSettings = {
				ARCHS = "$(ARCHS_STANDARD_32_64_BIT)";
			};
			name = Release;
		};
		09367D6F1E2E29330095BF20 /* Debug */ = {
			isa = XCBuildConfiguration;
			baseConfigurationReference = 0960BAF51DB3F0F80075CB05 /* test.ios.debug.xcconfig */;
			buildSettings = {
			};
			name = Debug;
		};
		09367D701E2E29330095BF20 /* Release */ = {
			isa = XCBuildConfiguration;
			baseConfigurationReference = 0960BAF61DB3F0F80075CB05 /* test.ios.release.xcconfig */;
			buildSettings = {
			};
			name = Release;
		};
		09EF8EA21DB3E6A300DC7342 /* Debug */ = {
			isa = XCBuildConfiguration;
			baseConfigurationReference = 0960BAF01DB3F0F80075CB05 /* Project.Debug.xcconfig */;
			buildSettings = {
			};
			name = Debug;
		};
		09EF8EA31DB3E6A300DC7342 /* Release */ = {
			isa = XCBuildConfiguration;
			baseConfigurationReference = 0960BAF11DB3F0F80075CB05 /* Project.Release.xcconfig */;
			buildSettings = {
			};
			name = Release;
		};
		09EF8EEA1DB3E7C400DC7342 /* Debug */ = {
			isa = XCBuildConfiguration;
			baseConfigurationReference = 0960BAF71DB3F0F80075CB05 /* test.osx.debug.xcconfig */;
			buildSettings = {
			};
			name = Debug;
		};
		09EF8EEB1DB3E7C400DC7342 /* Release */ = {
			isa = XCBuildConfiguration;
			baseConfigurationReference = 0960BAF81DB3F0F80075CB05 /* test.osx.release.xcconfig */;
			buildSettings = {
			};
			name = Release;
		};
/* End XCBuildConfiguration section */

/* Begin XCConfigurationList section */
		09168FCE1E099C43005DD50F /* Build configuration list for PBXNativeTarget "algorithms.ios" */ = {
			isa = XCConfigurationList;
			buildConfigurations = (
				09168FCC1E099C43005DD50F /* Debug */,
				09168FCD1E099C43005DD50F /* Release */,
			);
			defaultConfigurationIsVisible = 0;
			defaultConfigurationName = Release;
		};
		093239E01DB5651B003C168E /* Build configuration list for PBXNativeTarget "algorithms" */ = {
			isa = XCConfigurationList;
			buildConfigurations = (
				093239E11DB5651B003C168E /* Debug */,
				093239E21DB5651B003C168E /* Release */,
			);
			defaultConfigurationIsVisible = 0;
			defaultConfigurationName = Release;
		};
		09367D711E2E29330095BF20 /* Build configuration list for PBXNativeTarget "algorithms.test.ios" */ = {
			isa = XCConfigurationList;
			buildConfigurations = (
				09367D6F1E2E29330095BF20 /* Debug */,
				09367D701E2E29330095BF20 /* Release */,
			);
			defaultConfigurationIsVisible = 0;
			defaultConfigurationName = Release;
		};
		09EF8EA11DB3E6A300DC7342 /* Build configuration list for PBXProject "algorithms" */ = {
			isa = XCConfigurationList;
			buildConfigurations = (
				09EF8EA21DB3E6A300DC7342 /* Debug */,
				09EF8EA31DB3E6A300DC7342 /* Release */,
			);
			defaultConfigurationIsVisible = 0;
			defaultConfigurationName = Release;
		};
		09EF8EEC1DB3E7C400DC7342 /* Build configuration list for PBXNativeTarget "algorithms.test" */ = {
			isa = XCConfigurationList;
			buildConfigurations = (
				09EF8EEA1DB3E7C400DC7342 /* Debug */,
				09EF8EEB1DB3E7C400DC7342 /* Release */,
			);
			defaultConfigurationIsVisible = 0;
			defaultConfigurationName = Release;
		};
/* End XCConfigurationList section */
	};
	rootObject = 09EF8E9E1DB3E6A300DC7342 /* Project object */;
}
